<?xml version="1.0" encoding="utf-8"?>
<Project ToolsVersion="4.0" xmlns="http://schemas.microsoft.com/developer/msbuild/2003">
  <ItemGroup>
    <Filter Include="Source Files">
      <UniqueIdentifier>{4FC737F1-C7A5-4376-A066-2A32D752A2FF}</UniqueIdentifier>
      <Extensions>cpp;c;cc;cxx;c++;cppm;ixx;def;odl;idl;hpj;bat;asm;asmx</Extensions>
    </Filter>
    <Filter Include="Dependencies">
      <UniqueIdentifier>{63d95625-f908-422f-a16b-80d0ac97ce28}</UniqueIdentifier>
    </Filter>
    <Filter Include="Dependencies\imgui">
      <UniqueIdentifier>{d80b007a-02e8-4e07-9646-6d1daa747202}</UniqueIdentifier>
    </Filter>
    <Filter Include="Dependencies\glad">
      <UniqueIdentifier>{421e36bf-d68d-493a-924e-5b3a3cd2da47}</UniqueIdentifier>
    </Filter>
    <Filter Include="Source Files\Application">
      <UniqueIdentifier>{1c277fd0-e5fa-4070-8d73-31c3befd19ed}</UniqueIdentifier>
    </Filter>
    <Filter Include="Source Files\GL Classes">
      <UniqueIdentifier>{062c0aec-04f7-4440-b804-8448d4ed8eef}</UniqueIdentifier>
    </Filter>
    <Filter Include="Source Files\Misc">
      <UniqueIdentifier>{bb417163-d59f-4ed2-b1f5-684878ea8d77}</UniqueIdentifier>
    </Filter>
    <Filter Include="Source Files\Blocks">
      <UniqueIdentifier>{8c093e5e-05e6-465a-8f91-3359c5880851}</UniqueIdentifier>
    </Filter>
    <Filter Include="Source Files\Shaders">
      <UniqueIdentifier>{67926d0b-33a1-47d4-b28a-d9174b6dc22c}</UniqueIdentifier>
    </Filter>
  </ItemGroup>
  <ItemGroup>
    <ClCompile Include="main.cpp">
      <Filter>Source Files</Filter>
    </ClCompile>
    <ClCompile Include="Dependencies\imgui\imgui.cpp">
      <Filter>Dependencies\imgui</Filter>
    </ClCompile>
    <ClCompile Include="Dependencies\imgui\imgui_demo.cpp">
      <Filter>Dependencies\imgui</Filter>
    </ClCompile>
    <ClCompile Include="Dependencies\imgui\imgui_draw.cpp">
      <Filter>Dependencies\imgui</Filter>
    </ClCompile>
    <ClCompile Include="Dependencies\imgui\imgui_impl_glfw.cpp">
      <Filter>Dependencies\imgui</Filter>
    </ClCompile>
    <ClCompile Include="Dependencies\imgui\imgui_impl_opengl3.cpp">
      <Filter>Dependencies\imgui</Filter>
    </ClCompile>
    <ClCompile Include="Dependencies\imgui\imgui_widgets.cpp">
      <Filter>Dependencies\imgui</Filter>
    </ClCompile>
    <ClCompile Include="Dependencies\glad\src\glad.c">
      <Filter>Dependencies\glad</Filter>
    </ClCompile>
    <ClCompile Include="Core\Application\Application.cpp">
      <Filter>Source Files\Application</Filter>
    </ClCompile>
    <ClCompile Include="Core\Application\Logger.cpp">
      <Filter>Source Files\Application</Filter>
    </ClCompile>
    <ClCompile Include="Core\GLClasses\CubeTextureMap.cpp">
      <Filter>Source Files\GL Classes</Filter>
    </ClCompile>
    <ClCompile Include="Core\GLClasses\DepthBuffer.cpp">
      <Filter>Source Files\GL Classes</Filter>
    </ClCompile>
    <ClCompile Include="Core\GLClasses\Fps.cpp">
      <Filter>Source Files\GL Classes</Filter>
    </ClCompile>
    <ClCompile Include="Core\GLClasses\Framebuffer.cpp">
      <Filter>Source Files\GL Classes</Filter>
    </ClCompile>
    <ClCompile Include="Core\GLClasses\FramebufferRed.cpp">
      <Filter>Source Files\GL Classes</Filter>
    </ClCompile>
    <ClCompile Include="Core\GLClasses\IndexBuffer.cpp">
      <Filter>Source Files\GL Classes</Filter>
    </ClCompile>
    <ClCompile Include="Core\GLClasses\Random.cpp">
      <Filter>Source Files\GL Classes</Filter>
    </ClCompile>
    <ClCompile Include="Core\GLClasses\Shader.cpp">
      <Filter>Source Files\GL Classes</Filter>
    </ClCompile>
    <ClCompile Include="Core\GLClasses\SSBO.cpp">
      <Filter>Source Files\GL Classes</Filter>
    </ClCompile>
    <ClCompile Include="Core\GLClasses\stb_image.cpp">
      <Filter>Source Files\GL Classes</Filter>
    </ClCompile>
    <ClCompile Include="Core\GLClasses\Texture.cpp">
      <Filter>Source Files\GL Classes</Filter>
    </ClCompile>
    <ClCompile Include="Core\Camera.cpp">
      <Filter>Source Files\Misc</Filter>
    </ClCompile>
    <ClCompile Include="Core\FpsCamera.cpp">
      <Filter>Source Files\Misc</Filter>
    </ClCompile>
    <ClCompile Include="Core\Skybox.cpp">
      <Filter>Source Files\Misc</Filter>
    </ClCompile>
    <ClCompile Include="Core\GLClasses\VertexArray.cpp">
      <Filter>Source Files\GL Classes</Filter>
    </ClCompile>
    <ClCompile Include="Core\GLClasses\VertexBuffer.cpp">
      <Filter>Source Files\GL Classes</Filter>
    </ClCompile>
    <ClCompile Include="Core\World.cpp">
      <Filter>Source Files\Blocks</Filter>
    </ClCompile>
    <ClCompile Include="Core\CubeRenderer.cpp">
      <Filter>Source Files\Blocks</Filter>
    </ClCompile>
    <ClCompile Include="Core\ChunkMesh.cpp">
      <Filter>Source Files\Blocks</Filter>
    </ClCompile>
    <ClCompile Include="Core\Chunk.cpp">
      <Filter>Source Files\Blocks</Filter>
    </ClCompile>
    <ClCompile Include="Core\BlockDatabase.cpp">
      <Filter>Source Files\Blocks</Filter>
    </ClCompile>
    <ClCompile Include="Core\BlockDatabaseParser.cpp">
      <Filter>Source Files\Blocks</Filter>
    </ClCompile>
  </ItemGroup>
  <ItemGroup>
    <ClInclude Include="Dependencies\imgui\imconfig.h">
      <Filter>Dependencies\imgui</Filter>
    </ClInclude>
    <ClInclude Include="Dependencies\imgui\imgui.h">
      <Filter>Dependencies\imgui</Filter>
    </ClInclude>
    <ClInclude Include="Dependencies\imgui\imgui_impl_glfw.h">
      <Filter>Dependencies\imgui</Filter>
    </ClInclude>
    <ClInclude Include="Dependencies\imgui\imgui_impl_opengl3.h">
      <Filter>Dependencies\imgui</Filter>
    </ClInclude>
    <ClInclude Include="Dependencies\imgui\imgui_internal.h">
      <Filter>Dependencies\imgui</Filter>
    </ClInclude>
    <ClInclude Include="Dependencies\imgui\imstb_rectpack.h">
      <Filter>Dependencies\imgui</Filter>
    </ClInclude>
    <ClInclude Include="Dependencies\imgui\imstb_textedit.h">
      <Filter>Dependencies\imgui</Filter>
    </ClInclude>
    <ClInclude Include="Dependencies\imgui\imstb_truetype.h">
      <Filter>Dependencies\imgui</Filter>
    </ClInclude>
    <ClInclude Include="Core\Application\Application.h">
      <Filter>Source Files\Application</Filter>
    </ClInclude>
    <ClInclude Include="Core\Application\Logger.h">
      <Filter>Source Files\Application</Filter>
    </ClInclude>
    <ClInclude Include="Core\GLClasses\CubeTextureMap.h">
      <Filter>Source Files\GL Classes</Filter>
    </ClInclude>
    <ClInclude Include="Core\GLClasses\DepthBuffer.h">
      <Filter>Source Files\GL Classes</Filter>
    </ClInclude>
    <ClInclude Include="Core\GLClasses\Fps.h">
      <Filter>Source Files\GL Classes</Filter>
    </ClInclude>
    <ClInclude Include="Core\GLClasses\Framebuffer.h">
      <Filter>Source Files\GL Classes</Filter>
    </ClInclude>
    <ClInclude Include="Core\GLClasses\FramebufferRed.h">
      <Filter>Source Files\GL Classes</Filter>
    </ClInclude>
    <ClInclude Include="Core\GLClasses\IndexBuffer.h">
      <Filter>Source Files\GL Classes</Filter>
    </ClInclude>
    <ClInclude Include="Core\GLClasses\Random.h">
      <Filter>Source Files\GL Classes</Filter>
    </ClInclude>
    <ClInclude Include="Core\GLClasses\Shader.h">
      <Filter>Source Files\GL Classes</Filter>
    </ClInclude>
    <ClInclude Include="Core\GLClasses\SSBO.h">
      <Filter>Source Files\GL Classes</Filter>
    </ClInclude>
    <ClInclude Include="Core\GLClasses\stb_image.h">
      <Filter>Source Files\GL Classes</Filter>
    </ClInclude>
    <ClInclude Include="Core\GLClasses\Texture.h">
      <Filter>Source Files\GL Classes</Filter>
    </ClInclude>
    <ClInclude Include="Core\Skybox.h">
      <Filter>Source Files\Misc</Filter>
    </ClInclude>
    <ClInclude Include="Core\Camera.h">
      <Filter>Source Files\Misc</Filter>
    </ClInclude>
    <ClInclude Include="Core\FpsCamera.h">
      <Filter>Source Files\Misc</Filter>
    </ClInclude>
    <ClInclude Include="Core\GLClasses\VertexArray.h">
      <Filter>Source Files\GL Classes</Filter>
    </ClInclude>
    <ClInclude Include="Core\GLClasses\VertexBuffer.h">
      <Filter>Source Files\GL Classes</Filter>
    </ClInclude>
    <ClInclude Include="Core\World.h">
      <Filter>Source Files\Blocks</Filter>
    </ClInclude>
    <ClInclude Include="Core\CubeRenderer.h">
      <Filter>Source Files\Blocks</Filter>
    </ClInclude>
    <ClInclude Include="Core\ChunkMesh.h">
      <Filter>Source Files\Blocks</Filter>
    </ClInclude>
    <ClInclude Include="Core\Chunk.h">
      <Filter>Source Files\Blocks</Filter>
    </ClInclude>
    <ClInclude Include="Core\Block.h">
      <Filter>Source Files\Blocks</Filter>
    </ClInclude>
    <ClInclude Include="Core\Vertex.h">
      <Filter>Source Files\Blocks</Filter>
    </ClInclude>
    <ClInclude Include="Core\Macros.h">
      <Filter>Source Files\Blocks</Filter>
    </ClInclude>
    <ClInclude Include="Core\BlockDatabase.h">
      <Filter>Source Files\Blocks</Filter>
    </ClInclude>
    <ClInclude Include="Core\BlockDatabaseParser.h">
      <Filter>Source Files\Blocks</Filter>
    </ClInclude>
  </ItemGroup>
  <ItemGroup>
    <None Include="Core\Shaders\TestFrag.glsl">
      <Filter>Source Files\Shaders</Filter>
    </None>
    <None Include="Core\Shaders\TestVert.glsl">
      <Filter>Source Files\Shaders</Filter>
    </None>
  </ItemGroup>
</Project>